
Microsoft Visual Studio Solution File, Format Version 12.00
# Visual Studio 2012
Project("{FAE04EC0-301F-11D3-BF4B-00C04F79EFBC}") = "MyLibrary.Android", "MyLibrary.Android\MyLibrary.Android.csproj", "{AD4D4FFF-A477-429A-9790-C985435CC8EE}"
EndProject
Project("{FAE04EC0-301F-11D3-BF4B-00C04F79EFBC}") = "MyLibrary.Android.UnitTest", "MyLibrary.Android.UnitTest\MyLibrary.Android.UnitTest.csproj", "{AC8BAA68-F2FA-4651-9820-E0FFF44703FC}"
EndProject
Global
	GlobalSection(SolutionConfigurationPlatforms) = preSolution
		Debug|Any CPU = Debug|Any CPU
		Release|Any CPU = Release|Any CPU
	EndGlobalSection
	GlobalSection(ProjectConfigurationPlatforms) = postSolution
		{AC8BAA68-F2FA-4651-9820-E0FFF44703FC}.Debug|Any CPU.ActiveCfg = Debug|Any CPU
		{AC8BAA68-F2FA-4651-9820-E0FFF44703FC}.Debug|Any CPU.Build.0 = Debug|Any CPU
		{AC8BAA68-F2FA-4651-9820-E0FFF44703FC}.Release|Any CPU.ActiveCfg = Release|Any CPU
		{AC8BAA68-F2FA-4651-9820-E0FFF44703FC}.Release|Any CPU.Build.0 = Release|Any CPU
		{AD4D4FFF-A477-429A-9790-C985435CC8EE}.Debug|Any CPU.ActiveCfg = Debug|Any CPU
		{AD4D4FFF-A477-429A-9790-C985435CC8EE}.Debug|Any CPU.Build.0 = Debug|Any CPU
		{AD4D4FFF-A477-429A-9790-C985435CC8EE}.Release|Any CPU.ActiveCfg = Release|Any CPU
		{AD4D4FFF-A477-429A-9790-C985435CC8EE}.Release|Any CPU.Build.0 = Release|Any CPU
	EndGlobalSection
EndGlobal
